
Microsoft Visual Studio Solution File, Format Version 12.00
# Visual Studio Version 17
VisualStudioVersion = 17.9.34701.34
MinimumVisualStudioVersion = 10.0.40219.1
Project("{FAE04EC0-301F-11D3-BF4B-00C04F79EFBC}") = "POC.DOTNET.ASKBLUE.WEBFORM", "POC.DOTNET.ASKBLUE\POC.DOTNET.ASKBLUE.WEBFORM.csproj", "{B78FA68C-B8B0-4855-B6EC-16BB61CA25A9}"
EndProject
Project("{9A19103F-16F7-4668-BE54-9A1E7A4F7556}") = "POC.DOTNET.ASKBLUE.MVC", "POC.DOTNET.ASKBLUE.MVC\POC.DOTNET.ASKBLUE.MVC.csproj", "{5B6269A4-886E-483F-BC80-2D815B65E602}"
EndProject
Project("{9A19103F-16F7-4668-BE54-9A1E7A4F7556}") = "POC.DOTNET.ASKBLUE.WEBAPI.REST", "POC.DOTNET.ASKBLUE.WEBAPI.REST\POC.DOTNET.ASKBLUE.WEBAPI.REST.csproj", "{43F80D33-501A-40F6-80CD-EB379D161E91}"
EndProject
Project("{2150E333-8FDC-42A3-9474-1A3956D46DE8}") = "01 - WEB UI", "01 - WEB UI", "{F0BD33CC-0188-4E19-A2D9-7933B67649F9}"
EndProject
Project("{2150E333-8FDC-42A3-9474-1A3956D46DE8}") = "02 - WEB API", "02 - WEB API", "{C8E4AC70-A551-4AE1-8B48-482CA4169303}"
EndProject
Project("{2150E333-8FDC-42A3-9474-1A3956D46DE8}") = "00 - FOUNDATIONS", "00 - FOUNDATIONS", "{634BD8FE-30A0-422B-845C-D7792FF9EDD6}"
EndProject
Project("{9A19103F-16F7-4668-BE54-9A1E7A4F7556}") = "POC.ASKBLUE.OOP.CONSOLE", "POC.ASKBLUE.OOP.CONSOLE\POC.ASKBLUE.OOP.CONSOLE.csproj", "{23C063EC-14AB-4251-A46C-52BA0D6452D2}"
EndProject
Project("{2150E333-8FDC-42A3-9474-1A3956D46DE8}") = "1 - OOP", "1 - OOP", "{005963AD-0211-4D11-B662-2CC0913D779F}"
EndProject
Project("{2150E333-8FDC-42A3-9474-1A3956D46DE8}") = "2 - SOLID", "2 - SOLID", "{F77D3231-2103-439A-B8E8-CB3A888C1515}"
EndProject
Project("{FAE04EC0-301F-11D3-BF4B-00C04F79EFBC}") = "POC.ASKBLUE.SOLID.CONSOLE", "POC.ASKBLUE.SOLID.CONSOLE\POC.ASKBLUE.SOLID.CONSOLE.csproj", "{BDE5FF96-2437-48EB-BCD2-9CED65AE0C47}"
EndProject
Project("{2150E333-8FDC-42A3-9474-1A3956D46DE8}") = "03 - LIBRARIES", "03 - LIBRARIES", "{884168FF-A32A-491C-9B78-B0204402E4F0}"
EndProject
Project("{FAE04EC0-301F-11D3-BF4B-00C04F79EFBC}") = "POC.ASKBLUE.LIBRARY.CORE", "POC.ASKBLUE.LIBRARY.CORE\POC.ASKBLUE.LIBRARY.CORE.csproj", "{5B3ECE2B-4976-49A3-B102-344E3CC8C527}"
EndProject
Global
	GlobalSection(SolutionConfigurationPlatforms) = preSolution
		Debug|Any CPU = Debug|Any CPU
		Release|Any CPU = Release|Any CPU
	EndGlobalSection
	GlobalSection(ProjectConfigurationPlatforms) = postSolution
		{B78FA68C-B8B0-4855-B6EC-16BB61CA25A9}.Debug|Any CPU.ActiveCfg = Debug|Any CPU
		{B78FA68C-B8B0-4855-B6EC-16BB61CA25A9}.Debug|Any CPU.Build.0 = Debug|Any CPU
		{B78FA68C-B8B0-4855-B6EC-16BB61CA25A9}.Release|Any CPU.ActiveCfg = Release|Any CPU
		{B78FA68C-B8B0-4855-B6EC-16BB61CA25A9}.Release|Any CPU.Build.0 = Release|Any CPU
		{5B6269A4-886E-483F-BC80-2D815B65E602}.Debug|Any CPU.ActiveCfg = Debug|Any CPU
		{5B6269A4-886E-483F-BC80-2D815B65E602}.Debug|Any CPU.Build.0 = Debug|Any CPU
		{5B6269A4-886E-483F-BC80-2D815B65E602}.Release|Any CPU.ActiveCfg = Release|Any CPU
		{5B6269A4-886E-483F-BC80-2D815B65E602}.Release|Any CPU.Build.0 = Release|Any CPU
		{43F80D33-501A-40F6-80CD-EB379D161E91}.Debug|Any CPU.ActiveCfg = Debug|Any CPU
		{43F80D33-501A-40F6-80CD-EB379D161E91}.Debug|Any CPU.Build.0 = Debug|Any CPU
		{43F80D33-501A-40F6-80CD-EB379D161E91}.Release|Any CPU.ActiveCfg = Release|Any CPU
		{43F80D33-501A-40F6-80CD-EB379D161E91}.Release|Any CPU.Build.0 = Release|Any CPU
		{23C063EC-14AB-4251-A46C-52BA0D6452D2}.Debug|Any CPU.ActiveCfg = Debug|Any CPU
		{23C063EC-14AB-4251-A46C-52BA0D6452D2}.Debug|Any CPU.Build.0 = Debug|Any CPU
		{23C063EC-14AB-4251-A46C-52BA0D6452D2}.Release|Any CPU.ActiveCfg = Release|Any CPU
		{23C063EC-14AB-4251-A46C-52BA0D6452D2}.Release|Any CPU.Build.0 = Release|Any CPU
		{BDE5FF96-2437-48EB-BCD2-9CED65AE0C47}.Debug|Any CPU.ActiveCfg = Debug|Any CPU
		{BDE5FF96-2437-48EB-BCD2-9CED65AE0C47}.Debug|Any CPU.Build.0 = Debug|Any CPU
		{BDE5FF96-2437-48EB-BCD2-9CED65AE0C47}.Release|Any CPU.ActiveCfg = Release|Any CPU
		{BDE5FF96-2437-48EB-BCD2-9CED65AE0C47}.Release|Any CPU.Build.0 = Release|Any CPU
		{5B3ECE2B-4976-49A3-B102-344E3CC8C527}.Debug|Any CPU.ActiveCfg = Debug|Any CPU
		{5B3ECE2B-4976-49A3-B102-344E3CC8C527}.Debug|Any CPU.Build.0 = Debug|Any CPU
		{5B3ECE2B-4976-49A3-B102-344E3CC8C527}.Release|Any CPU.ActiveCfg = Release|Any CPU
		{5B3ECE2B-4976-49A3-B102-344E3CC8C527}.Release|Any CPU.Build.0 = Release|Any CPU
	EndGlobalSection
	GlobalSection(SolutionProperties) = preSolution
		HideSolutionNode = FALSE
	EndGlobalSection
	GlobalSection(NestedProjects) = preSolution
		{B78FA68C-B8B0-4855-B6EC-16BB61CA25A9} = {F0BD33CC-0188-4E19-A2D9-7933B67649F9}
		{5B6269A4-886E-483F-BC80-2D815B65E602} = {F0BD33CC-0188-4E19-A2D9-7933B67649F9}
		{43F80D33-501A-40F6-80CD-EB379D161E91} = {C8E4AC70-A551-4AE1-8B48-482CA4169303}
		{23C063EC-14AB-4251-A46C-52BA0D6452D2} = {005963AD-0211-4D11-B662-2CC0913D779F}
		{005963AD-0211-4D11-B662-2CC0913D779F} = {634BD8FE-30A0-422B-845C-D7792FF9EDD6}
		{F77D3231-2103-439A-B8E8-CB3A888C1515} = {634BD8FE-30A0-422B-845C-D7792FF9EDD6}
		{BDE5FF96-2437-48EB-BCD2-9CED65AE0C47} = {F77D3231-2103-439A-B8E8-CB3A888C1515}
		{5B3ECE2B-4976-49A3-B102-344E3CC8C527} = {884168FF-A32A-491C-9B78-B0204402E4F0}
	EndGlobalSection
	GlobalSection(ExtensibilityGlobals) = postSolution
		SolutionGuid = {526A9B7F-A99B-4FFD-95FA-701BBB09DB99}
	EndGlobalSection
EndGlobal
